
Microsoft Visual Studio Solution File, Format Version 12.00
# Visual Studio Version 17
VisualStudioVersion = 17.7.34031.279
MinimumVisualStudioVersion = 10.0.40219.1
Project("{FAE04EC0-301F-11D3-BF4B-00C04F79EFBC}") = "TypesettingErrorDemoWPF", "TypesettingErrorDemoWPF\TypesettingErrorDemoWPF.csproj", "{14A00EEA-278D-4D97-8DAC-458FF9929214}"
EndProject
Global
	GlobalSection(SolutionConfigurationPlatforms) = preSolution
		Debug|Any CPU = Debug|Any CPU
		Release|Any CPU = Release|Any CPU
	EndGlobalSection
	GlobalSection(ProjectConfigurationPlatforms) = postSolution
		{14A00EEA-278D-4D97-8DAC-458FF9929214}.Debug|Any CPU.ActiveCfg = Debug|Any CPU
		{14A00EEA-278D-4D97-8DAC-458FF9929214}.Debug|Any CPU.Build.0 = Debug|Any CPU
		{14A00EEA-278D-4D97-8DAC-458FF9929214}.Release|Any CPU.ActiveCfg = Release|Any CPU
		{14A00EEA-278D-4D97-8DAC-458FF9929214}.Release|Any CPU.Build.0 = Release|Any CPU
	EndGlobalSection
	GlobalSection(SolutionProperties) = preSolution
		HideSolutionNode = FALSE
	EndGlobalSection
	GlobalSection(ExtensibilityGlobals) = postSolution
		SolutionGuid = {FEAE6249-9559-4502-A3F1-DDBF2423267F}
	EndGlobalSection
EndGlobal
